# This file is autogenerated, do not edit; changes may be undone by the next 'dep ensure'.


[[projects]]
  name = "github.com/takama/daemon"
  packages = ["."]
  revision = "fbd475b4742721d59947ac754398130dd5cb9ced"
  version = "0.10.4"

[[projects]]
  branch = "v2"
  name = "gopkg.in/robfig/cron.v2"
  packages = ["."]
  revision = "be2e0b0deed5a68ffee390b4583a13aff8321535"

[solve-meta]
  analyzer-name = "dep"
  analyzer-version = 1
  inputs-digest = "dc3df38e91da53df44185c85bce03436ed668a270189058aaea3893bc55d1d49"
  solver-name = "gps-cdcl"
  solver-version = 1
