# This file is autogenerated, do not edit; changes may be undone by the next 'dep ensure'.


[[projects]]
  name = "github.com/takama/daemon"
  packages = ["."]
  revision = "fbd475b4742721d59947ac754398130dd5cb9ced"
  version = "0.10.4"

[[projects]]
  name = "github.com/urfave/cli"
  packages = ["."]
  revision = "cfb38830724cc34fedffe9a2a29fb54fa9169cd1"
  version = "v1.20.0"

[[projects]]
  branch = "v2"
  name = "gopkg.in/robfig/cron.v2"
  packages = ["."]
  revision = "be2e0b0deed5a68ffee390b4583a13aff8321535"

[solve-meta]
  analyzer-name = "dep"
  analyzer-version = 1
  inputs-digest = "2c5c5d15a65068f85b0f6a73f3d4c2f61adba4c50acd97e3834aa5919bbdf5cf"
  solver-name = "gps-cdcl"
  solver-version = 1
